<?xml version="1.0" encoding="utf-8"?>
<Project ToolsVersion="4.0" xmlns="http://schemas.microsoft.com/developer/msbuild/2003">
  <ItemGroup>
    <Filter Include="Source Files">
      <UniqueIdentifier>{4FC737F1-C7A5-4376-A066-2A32D752A2FF}</UniqueIdentifier>
      <Extensions>cpp;c;cc;cxx;def;odl;idl;hpj;bat;asm;asmx</Extensions>
    </Filter>
    <Filter Include="Header Files">
      <UniqueIdentifier>{93995380-89BD-4b04-88EB-625FBE52EBFB}</UniqueIdentifier>
      <Extensions>h;hh;hpp;hxx;hm;inl;inc;ipp;xsd</Extensions>
    </Filter>
  </ItemGroup>
  <ItemGroup>
    <None Include="packages.config" />
    <None Include="..\Assets\Shaders\colored.hlsl" />
    <None Include="..\Assets\Shaders\textured.hlsl" />
    <None Include="..\Assets\Shaders\textured_bump.hlsl" />
    <None Include="..\Assets\Shaders\volume.hlsl" />
    <None Include="..\Assets\Shaders\PBR.hlsli" />
    <None Include="..\Assets\Shaders\piemenu.hlsl" />
    <None Include="..\Assets\Shaders\volume_compute.hlsl" />
  </ItemGroup>
  <ItemGroup>
    <ClInclude Include="cdvis.hpp">
      <Filter>Header Files</Filter>
    </ClInclude>
    <ClInclude Include="VolumeRenderer.hpp">
      <Filter>Header Files</Filter>
    </ClInclude>
    <ClInclude Include="CDialogEventHandler.hpp">
      <Filter>Header Files</Filter>
    </ClInclude>
    <ClInclude Include="VRCamera.hpp">
      <Filter>Header Files</Filter>
    </ClInclude>
    <ClInclude Include="VRUtil.hpp">
      <Filter>Header Files</Filter>
    </ClInclude>
    <ClInclude Include="VRDevice.hpp">
      <Filter>Header Files</Filter>
    </ClInclude>
    <ClInclude Include="VRInteractable.hpp">
      <Filter>Header Files</Filter>
    </ClInclude>
    <ClInclude Include="VRPieMenu.hpp">
      <Filter>Header Files</Filter>
    </ClInclude>
    <ClInclude Include="ImageLoader.hpp">
      <Filter>Header Files</Filter>
    </ClInclude>
    <ClInclude Include="VRDial.hpp">
      <Filter>Header Files</Filter>
    </ClInclude>
    <ClInclude Include="VRInteraction.hpp">
      <Filter>Header Files</Filter>
    </ClInclude>
    <ClInclude Include="lodepng.hpp">
      <Filter>Header Files</Filter>
    </ClInclude>
  </ItemGroup>
  <ItemGroup>
    <ClCompile Include="cdvis.cpp">
      <Filter>Source Files</Filter>
    </ClCompile>
    <ClCompile Include="VolumeRenderer.cpp">
      <Filter>Source Files</Filter>
    </ClCompile>
    <ClCompile Include="CDialogEventHandler.cpp">
      <Filter>Source Files</Filter>
    </ClCompile>
    <ClCompile Include="VRCamera.cpp">
      <Filter>Source Files</Filter>
    </ClCompile>
    <ClCompile Include="VRUtil.cpp">
      <Filter>Source Files</Filter>
    </ClCompile>
    <ClCompile Include="VRDevice.cpp">
      <Filter>Source Files</Filter>
    </ClCompile>
    <ClCompile Include="VRPieMenu.cpp">
      <Filter>Source Files</Filter>
    </ClCompile>
    <ClCompile Include="ImageLoader.cpp">
      <Filter>Source Files</Filter>
    </ClCompile>
    <ClCompile Include="VRDial.cpp">
      <Filter>Source Files</Filter>
    </ClCompile>
    <ClCompile Include="VRInteraction.cpp">
      <Filter>Source Files</Filter>
    </ClCompile>
    <ClCompile Include="lodepng.cpp">
      <Filter>Source Files</Filter>
    </ClCompile>
  </ItemGroup>
</Project>